
Microsoft Visual Studio Solution File, Format Version 12.00
# Visual Studio Version 17
VisualStudioVersion = 17.4.33110.190
MinimumVisualStudioVersion = 10.0.40219.1
Project("{9A19103F-16F7-4668-BE54-9A1E7A4F7556}") = "dotNetBackend", "dotNetBackend.csproj", "{DAB97876-4FC9-443A-BC9D-DBD6C6371798}"
EndProject
Project("{9A19103F-16F7-4668-BE54-9A1E7A4F7556}") = "TwitterAccessor", "..\TwitterAccessor\TwitterAccessor.csproj", "{4C1CF85F-3D5A-43E1-98F1-7D13D47AB009}"
EndProject
Project("{FAE04EC0-301F-11D3-BF4B-00C04F79EFBC}") = "IntegrationTest", "..\IntegrationTest\IntegrationTest.csproj", "{4EAC970B-E6AF-424F-90F7-6867144F0433}"
EndProject
Global
	GlobalSection(SolutionConfigurationPlatforms) = preSolution
		Debug|Any CPU = Debug|Any CPU
		Release|Any CPU = Release|Any CPU
	EndGlobalSection
	GlobalSection(ProjectConfigurationPlatforms) = postSolution
		{DAB97876-4FC9-443A-BC9D-DBD6C6371798}.Debug|Any CPU.ActiveCfg = Debug|Any CPU
		{DAB97876-4FC9-443A-BC9D-DBD6C6371798}.Debug|Any CPU.Build.0 = Debug|Any CPU
		{DAB97876-4FC9-443A-BC9D-DBD6C6371798}.Release|Any CPU.ActiveCfg = Release|Any CPU
		{DAB97876-4FC9-443A-BC9D-DBD6C6371798}.Release|Any CPU.Build.0 = Release|Any CPU
		{4C1CF85F-3D5A-43E1-98F1-7D13D47AB009}.Debug|Any CPU.ActiveCfg = Debug|Any CPU
		{4C1CF85F-3D5A-43E1-98F1-7D13D47AB009}.Debug|Any CPU.Build.0 = Debug|Any CPU
		{4C1CF85F-3D5A-43E1-98F1-7D13D47AB009}.Release|Any CPU.ActiveCfg = Release|Any CPU
		{4C1CF85F-3D5A-43E1-98F1-7D13D47AB009}.Release|Any CPU.Build.0 = Release|Any CPU
		{4EAC970B-E6AF-424F-90F7-6867144F0433}.Debug|Any CPU.ActiveCfg = Debug|Any CPU
		{4EAC970B-E6AF-424F-90F7-6867144F0433}.Debug|Any CPU.Build.0 = Debug|Any CPU
		{4EAC970B-E6AF-424F-90F7-6867144F0433}.Release|Any CPU.ActiveCfg = Release|Any CPU
		{4EAC970B-E6AF-424F-90F7-6867144F0433}.Release|Any CPU.Build.0 = Release|Any CPU
	EndGlobalSection
	GlobalSection(SolutionProperties) = preSolution
		HideSolutionNode = FALSE
	EndGlobalSection
	GlobalSection(ExtensibilityGlobals) = postSolution
		SolutionGuid = {4AA1C94D-6344-44DF-8D13-9711065CCD1C}
	EndGlobalSection
EndGlobal
